# This file is @generated by PDM.
# It is not intended for manual editing.

[metadata]
groups = ["default"]
strategy = ["inherit_metadata"]
lock_version = "4.5.0"
content_hash = "sha256:8946d28b4e9ef1f9b1e3d74353f8128260b5839d30b403edd46eac5d2c131b5b"

[[metadata.targets]]
requires_python = "==3.11.*"

[[package]]
name = "asgiref"
version = "3.8.1"
requires_python = ">=3.8"
summary = "ASGI specs, helper code, and adapters"
groups = ["default"]
dependencies = [
    "typing-extensions>=4; python_version < \"3.11\"",
]
files = [
    {file = "asgiref-3.8.1-py3-none-any.whl", hash = "sha256:3e1e3ecc849832fe52ccf2cb6686b7a55f82bb1d6aee72a58826471390335e47"},
    {file = "asgiref-3.8.1.tar.gz", hash = "sha256:c343bd80a0bec947a9860adb4c432ffa7db769836c64238fc34bdc3fec84d590"},
]

[[package]]
name = "django"
version = "5.1.1"
requires_python = ">=3.10"
summary = "A high-level Python web framework that encourages rapid development and clean, pragmatic design."
groups = ["default"]
dependencies = [
    "asgiref<4,>=3.8.1",
    "sqlparse>=0.3.1",
    "tzdata; sys_platform == \"win32\"",
]
files = [
    {file = "Django-5.1.1-py3-none-any.whl", hash = "sha256:71603f27dac22a6533fb38d83072eea9ddb4017fead6f67f2562a40402d61c3f"},
    {file = "Django-5.1.1.tar.gz", hash = "sha256:021ffb7fdab3d2d388bc8c7c2434eb9c1f6f4d09e6119010bbb1694dda286bc2"},
]

[[package]]
name = "mockito"
version = "1.5.1"
requires_python = ">=3.7"
summary = "Spying framework"
groups = ["default"]
files = [
    {file = "mockito-1.5.1-py3-none-any.whl", hash = "sha256:218c695baaf8e27980a263c9c1c4efb60ae8bbaf171be28558ec7ef3dae1ead3"},
    {file = "mockito-1.5.1.tar.gz", hash = "sha256:405624091715cc3954e2fa39cc50e508d59778d4d2fb56c8db7bfa5f593d3303"},
]

[[package]]
name = "pybuilder"
version = "0.13.13"
requires_python = ">=3.8"
summary = "PyBuilder — an easy-to-use build automation tool for Python."
groups = ["default"]
files = [
    {file = "pybuilder-0.13.13-py3-none-any.whl", hash = "sha256:f0b1436402bc14874e50b55eaa3225f5d42eafe7272a01f097ecc83d7d66c921"},
    {file = "pybuilder-0.13.13.tar.gz", hash = "sha256:7e10fe8a39ab4854080bc6c702c70b3db8241fde577e12a7059a3696373d39be"},
]

[[package]]
name = "sqlparse"
version = "0.5.1"
requires_python = ">=3.8"
summary = "A non-validating SQL parser."
groups = ["default"]
files = [
    {file = "sqlparse-0.5.1-py3-none-any.whl", hash = "sha256:773dcbf9a5ab44a090f3441e2180efe2560220203dc2f8c0b0fa141e18b505e4"},
    {file = "sqlparse-0.5.1.tar.gz", hash = "sha256:bb6b4df465655ef332548e24f08e205afc81b9ab86cb1c45657a7ff173a3a00e"},
]

[[package]]
name = "tzdata"
version = "2024.1"
requires_python = ">=2"
summary = "Provider of IANA time zone data"
groups = ["default"]
marker = "sys_platform == \"win32\""
files = [
    {file = "tzdata-2024.1-py2.py3-none-any.whl", hash = "sha256:9068bc196136463f5245e51efda838afa15aaeca9903f49050dfa2679db4d252"},
    {file = "tzdata-2024.1.tar.gz", hash = "sha256:2674120f8d891909751c38abcdfd386ac0a5a1127954fbc332af6b5ceae07efd"},
]
